{
  "name": "launchevent",
  "version": "1.0.0",
  "lockfileVersion": 3,
  "requires": true,
  "packages": {
    "": {
      "name": "launchevent",
      "version": "1.0.0",
      "license": "ISC",
      "dependencies": {
        "@azure/msal-browser": "^3.21.0"
      },
      "devDependencies": {
        "@types/office-js": "^1.0.361"
      }
    },
    "node_modules/@azure/msal-browser": {
      "version": "3.21.0",
      "resolved": "https://registry.npmjs.org/@azure/msal-browser/-/msal-browser-3.21.0.tgz",
      "integrity": "sha512-BAwcFsVvOrYzKuUZHhFuvRykUmQGq6lDxst2qGnjxnpNZc3d/tnVPcmhgvUdeKl28VSE0ltgBzT3HkdpDtz9rg==",
      "dependencies": {
        "@azure/msal-common": "14.14.1"
      },
      "engines": {
        "node": ">=0.8.0"
      }
    },
    "node_modules/@azure/msal-common": {
      "version": "14.14.1",
      "resolved": "https://registry.npmjs.org/@azure/msal-common/-/msal-common-14.14.1.tgz",
      "integrity": "sha512-2Q3tqNz/PZLfSr8BvcHZVpRRfSn4MjGSqjj9J+HlBsmbf1Uu4P0WeXnemjTJwwx9KrmplsrN3UkZ/LPOR720rw==",
      "engines": {
        "node": ">=0.8.0"
      }
    },
    "node_modules/@types/office-js": {
      "version": "1.0.410",
      "resolved": "https://registry.npmjs.org/@types/office-js/-/office-js-1.0.410.tgz",
      "integrity": "sha512-eNnafOiLSDG6BGem/F09DTRgVklxGvClW8NP/b2cL7n/myxBrjeyrDNu81kKgMJ56MHVOYLe73STSpb7QhYnjA==",
      "dev": true
    }
  }
}
